// !$*UTF8*$!
{
	archiveVersion = 1;
	classes = {
	};
	objectVersion = 46;
	objects = {

/* Begin PBXBuildFile section */
		9B95CCDB1F1F3C1D008DEBE9 /* main.m in Sources */ = {isa = PBXBuildFile; fileRef = 9B95CCDA1F1F3C1D008DEBE9 /* main.m */; };
		9B95CCDE1F1F3C1D008DEBE9 /* AppDelegate.m in Sources */ = {isa = PBXBuildFile; fileRef = 9B95CCDD1F1F3C1D008DEBE9 /* AppDelegate.m */; };
		9B95CCE11F1F3C1D008DEBE9 /* ViewController.m in Sources */ = {isa = PBXBuildFile; fileRef = 9B95CCE01F1F3C1D008DEBE9 /* ViewController.m */; };
		9B95CCE41F1F3C1D008DEBE9 /* Main.storyboard in Resources */ = {isa = PBXBuildFile; fileRef = 9B95CCE21F1F3C1D008DEBE9 /* Main.storyboard */; };
		9B95CCE61F1F3C1D008DEBE9 /* Assets.xcassets in Resources */ = {isa = PBXBuildFile; fileRef = 9B95CCE51F1F3C1D008DEBE9 /* Assets.xcassets */; };
		9B95CCE91F1F3C1D008DEBE9 /* LaunchScreen.storyboard in Resources */ = {isa = PBXBuildFile; fileRef = 9B95CCE71F1F3C1D008DEBE9 /* LaunchScreen.storyboard */; };
		9B95CCF41F1F3C1D008DEBE9 /* StockLineTests.m in Sources */ = {isa = PBXBuildFile; fileRef = 9B95CCF31F1F3C1D008DEBE9 /* StockLineTests.m */; };
		9B95CCFF1F1F3C1D008DEBE9 /* StockLineUITests.m in Sources */ = {isa = PBXBuildFile; fileRef = 9B95CCFE1F1F3C1D008DEBE9 /* StockLineUITests.m */; };
		9B95CD181F1F3C63008DEBE9 /* BOLL.m in Sources */ = {isa = PBXBuildFile; fileRef = 9B95CD0D1F1F3C63008DEBE9 /* BOLL.m */; };
		9B95CD191F1F3C63008DEBE9 /* HKLineRightView.m in Sources */ = {isa = PBXBuildFile; fileRef = 9B95CD0F1F1F3C63008DEBE9 /* HKLineRightView.m */; };
		9B95CD1B1F1F3C63008DEBE9 /* HTimeRightAdapterModel.m in Sources */ = {isa = PBXBuildFile; fileRef = 9B95CD131F1F3C63008DEBE9 /* HTimeRightAdapterModel.m */; };
		9B95CD1C1F1F3C63008DEBE9 /* HTimeRightCell.m in Sources */ = {isa = PBXBuildFile; fileRef = 9B95CD151F1F3C63008DEBE9 /* HTimeRightCell.m */; };
		9B95CD1D1F1F3C63008DEBE9 /* HTimeRightSegmentedControl.m in Sources */ = {isa = PBXBuildFile; fileRef = 9B95CD171F1F3C63008DEBE9 /* HTimeRightSegmentedControl.m */; };
		9B95CD441F1F3C78008DEBE9 /* KDJ.m in Sources */ = {isa = PBXBuildFile; fileRef = 9B95CD1F1F1F3C78008DEBE9 /* KDJ.m */; };
		9B95CD451F1F3C78008DEBE9 /* KLineUtil.m in Sources */ = {isa = PBXBuildFile; fileRef = 9B95CD211F1F3C78008DEBE9 /* KLineUtil.m */; };
		9B95CD461F1F3C78008DEBE9 /* MACD.m in Sources */ = {isa = PBXBuildFile; fileRef = 9B95CD231F1F3C78008DEBE9 /* MACD.m */; };
		9B95CD471F1F3C78008DEBE9 /* OBV.m in Sources */ = {isa = PBXBuildFile; fileRef = 9B95CD251F1F3C78008DEBE9 /* OBV.m */; };
		9B95CD481F1F3C78008DEBE9 /* RSI.m in Sources */ = {isa = PBXBuildFile; fileRef = 9B95CD271F1F3C78008DEBE9 /* RSI.m */; };
		9B95CD4A1F1F3C78008DEBE9 /* TupleValue.m in Sources */ = {isa = PBXBuildFile; fileRef = 9B95CD2B1F1F3C78008DEBE9 /* TupleValue.m */; };
		9B95CD4B1F1F3C78008DEBE9 /* WLHighLightedLayer.m in Sources */ = {isa = PBXBuildFile; fileRef = 9B95CD2D1F1F3C78008DEBE9 /* WLHighLightedLayer.m */; };
		9B95CD4C1F1F3C78008DEBE9 /* WLHorizontalKlineController.m in Sources */ = {isa = PBXBuildFile; fileRef = 9B95CD2F1F1F3C78008DEBE9 /* WLHorizontalKlineController.m */; };
		9B95CD4D1F1F3C78008DEBE9 /* WLKLineBase.m in Sources */ = {isa = PBXBuildFile; fileRef = 9B95CD311F1F3C78008DEBE9 /* WLKLineBase.m */; };
		9B95CD4E1F1F3C78008DEBE9 /* WLKLineHighLightedLayer.m in Sources */ = {isa = PBXBuildFile; fileRef = 9B95CD331F1F3C78008DEBE9 /* WLKLineHighLightedLayer.m */; };
		9B95CD4F1F1F3C78008DEBE9 /* WLKLineView.m in Sources */ = {isa = PBXBuildFile; fileRef = 9B95CD351F1F3C78008DEBE9 /* WLKLineView.m */; };
		9B95CD501F1F3C78008DEBE9 /* WLLineEntity.m in Sources */ = {isa = PBXBuildFile; fileRef = 9B95CD371F1F3C78008DEBE9 /* WLLineEntity.m */; };
		9B95CD511F1F3C78008DEBE9 /* WLLineViewBase.m in Sources */ = {isa = PBXBuildFile; fileRef = 9B95CD391F1F3C78008DEBE9 /* WLLineViewBase.m */; };
		9B95CD521F1F3C78008DEBE9 /* WLMinuteSelectionView.m in Sources */ = {isa = PBXBuildFile; fileRef = 9B95CD3B1F1F3C78008DEBE9 /* WLMinuteSelectionView.m */; };
		9B95CD531F1F3C78008DEBE9 /* WLShowHightLightView.m in Sources */ = {isa = PBXBuildFile; fileRef = 9B95CD3D1F1F3C78008DEBE9 /* WLShowHightLightView.m */; };
		9B95CD541F1F3C78008DEBE9 /* WLTabbarView.m in Sources */ = {isa = PBXBuildFile; fileRef = 9B95CD3F1F1F3C78008DEBE9 /* WLTabbarView.m */; };
		9B95CD551F1F3C78008DEBE9 /* WLTimeLineView.m in Sources */ = {isa = PBXBuildFile; fileRef = 9B95CD411F1F3C78008DEBE9 /* WLTimeLineView.m */; };
		9B95CD561F1F3C78008DEBE9 /* WR.m in Sources */ = {isa = PBXBuildFile; fileRef = 9B95CD431F1F3C78008DEBE9 /* WR.m */; };
		9B95CD5A1F1F3D2C008DEBE9 /* YYKit in Resources */ = {isa = PBXBuildFile; fileRef = 9B95CD591F1F3D2C008DEBE9 /* YYKit */; };
		9B95CD5D1F1F3D78008DEBE9 /* CoreGraphics.framework in Frameworks */ = {isa = PBXBuildFile; fileRef = 9B95CD5C1F1F3D78008DEBE9 /* CoreGraphics.framework */; };
		9B95CD601F1F40A8008DEBE9 /* UIColor+YYAdd.m in Sources */ = {isa = PBXBuildFile; fileRef = 9B95CD5F1F1F40A8008DEBE9 /* UIColor+YYAdd.m */; };
		9B95CD621F1F4A02008DEBE9 /* data.plist in Resources */ = {isa = PBXBuildFile; fileRef = 9B95CD611F1F4A02008DEBE9 /* data.plist */; };
/* End PBXBuildFile section */

/* Begin PBXContainerItemProxy section */
		9B95CCF01F1F3C1D008DEBE9 /* PBXContainerItemProxy */ = {
			isa = PBXContainerItemProxy;
			containerPortal = 9B95CCCE1F1F3C1D008DEBE9 /* Project object */;
			proxyType = 1;
			remoteGlobalIDString = 9B95CCD51F1F3C1D008DEBE9;
			remoteInfo = StockLine;
		};
		9B95CCFB1F1F3C1D008DEBE9 /* PBXContainerItemProxy */ = {
			isa = PBXContainerItemProxy;
			containerPortal = 9B95CCCE1F1F3C1D008DEBE9 /* Project object */;
			proxyType = 1;
			remoteGlobalIDString = 9B95CCD51F1F3C1D008DEBE9;
			remoteInfo = StockLine;
		};
/* End PBXContainerItemProxy section */

/* Begin PBXFileReference section */
		9B95CCD61F1F3C1D008DEBE9 /* StockLine.app */ = {isa = PBXFileReference; explicitFileType = wrapper.application; includeInIndex = 0; path = StockLine.app; sourceTree = BUILT_PRODUCTS_DIR; };
		9B95CCDA1F1F3C1D008DEBE9 /* main.m */ = {isa = PBXFileReference; lastKnownFileType = sourcecode.c.objc; path = main.m; sourceTree = "<group>"; };
		9B95CCDC1F1F3C1D008DEBE9 /* AppDelegate.h */ = {isa = PBXFileReference; lastKnownFileType = sourcecode.c.h; path = AppDelegate.h; sourceTree = "<group>"; };
		9B95CCDD1F1F3C1D008DEBE9 /* AppDelegate.m */ = {isa = PBXFileReference; lastKnownFileType = sourcecode.c.objc; path = AppDelegate.m; sourceTree = "<group>"; };
		9B95CCDF1F1F3C1D008DEBE9 /* ViewController.h */ = {isa = PBXFileReference; lastKnownFileType = sourcecode.c.h; path = ViewController.h; sourceTree = "<group>"; };
		9B95CCE01F1F3C1D008DEBE9 /* ViewController.m */ = {isa = PBXFileReference; lastKnownFileType = sourcecode.c.objc; path = ViewController.m; sourceTree = "<group>"; };
		9B95CCE31F1F3C1D008DEBE9 /* Base */ = {isa = PBXFileReference; lastKnownFileType = file.storyboard; name = Base; path = Base.lproj/Main.storyboard; sourceTree = "<group>"; };
		9B95CCE51F1F3C1D008DEBE9 /* Assets.xcassets */ = {isa = PBXFileReference; lastKnownFileType = folder.assetcatalog; path = Assets.xcassets; sourceTree = "<group>"; };
		9B95CCE81F1F3C1D008DEBE9 /* Base */ = {isa = PBXFileReference; lastKnownFileType = file.storyboard; name = Base; path = Base.lproj/LaunchScreen.storyboard; sourceTree = "<group>"; };
		9B95CCEA1F1F3C1D008DEBE9 /* Info.plist */ = {isa = PBXFileReference; lastKnownFileType = text.plist.xml; path = Info.plist; sourceTree = "<group>"; };
		9B95CCEF1F1F3C1D008DEBE9 /* StockLineTests.xctest */ = {isa = PBXFileReference; explicitFileType = wrapper.cfbundle; includeInIndex = 0; path = StockLineTests.xctest; sourceTree = BUILT_PRODUCTS_DIR; };
		9B95CCF31F1F3C1D008DEBE9 /* StockLineTests.m */ = {isa = PBXFileReference; lastKnownFileType = sourcecode.c.objc; path = StockLineTests.m; sourceTree = "<group>"; };
		9B95CCF51F1F3C1D008DEBE9 /* Info.plist */ = {isa = PBXFileReference; lastKnownFileType = text.plist.xml; path = Info.plist; sourceTree = "<group>"; };
		9B95CCFA1F1F3C1D008DEBE9 /* StockLineUITests.xctest */ = {isa = PBXFileReference; explicitFileType = wrapper.cfbundle; includeInIndex = 0; path = StockLineUITests.xctest; sourceTree = BUILT_PRODUCTS_DIR; };
		9B95CCFE1F1F3C1D008DEBE9 /* StockLineUITests.m */ = {isa = PBXFileReference; lastKnownFileType = sourcecode.c.objc; path = StockLineUITests.m; sourceTree = "<group>"; };
		9B95CD001F1F3C1D008DEBE9 /* Info.plist */ = {isa = PBXFileReference; lastKnownFileType = text.plist.xml; path = Info.plist; sourceTree = "<group>"; };
		9B95CD0C1F1F3C63008DEBE9 /* BOLL.h */ = {isa = PBXFileReference; fileEncoding = 4; lastKnownFileType = sourcecode.c.h; path = BOLL.h; sourceTree = "<group>"; };
		9B95CD0D1F1F3C63008DEBE9 /* BOLL.m */ = {isa = PBXFileReference; fileEncoding = 4; lastKnownFileType = sourcecode.c.objc; path = BOLL.m; sourceTree = "<group>"; };
		9B95CD0E1F1F3C63008DEBE9 /* HKLineRightView.h */ = {isa = PBXFileReference; fileEncoding = 4; lastKnownFileType = sourcecode.c.h; path = HKLineRightView.h; sourceTree = "<group>"; };
		9B95CD0F1F1F3C63008DEBE9 /* HKLineRightView.m */ = {isa = PBXFileReference; fileEncoding = 4; lastKnownFileType = sourcecode.c.objc; path = HKLineRightView.m; sourceTree = "<group>"; };
		9B95CD121F1F3C63008DEBE9 /* HTimeRightAdapterModel.h */ = {isa = PBXFileReference; fileEncoding = 4; lastKnownFileType = sourcecode.c.h; path = HTimeRightAdapterModel.h; sourceTree = "<group>"; };
		9B95CD131F1F3C63008DEBE9 /* HTimeRightAdapterModel.m */ = {isa = PBXFileReference; fileEncoding = 4; lastKnownFileType = sourcecode.c.objc; path = HTimeRightAdapterModel.m; sourceTree = "<group>"; };
		9B95CD141F1F3C63008DEBE9 /* HTimeRightCell.h */ = {isa = PBXFileReference; fileEncoding = 4; lastKnownFileType = sourcecode.c.h; path = HTimeRightCell.h; sourceTree = "<group>"; };
		9B95CD151F1F3C63008DEBE9 /* HTimeRightCell.m */ = {isa = PBXFileReference; fileEncoding = 4; lastKnownFileType = sourcecode.c.objc; path = HTimeRightCell.m; sourceTree = "<group>"; };
		9B95CD161F1F3C63008DEBE9 /* HTimeRightSegmentedControl.h */ = {isa = PBXFileReference; fileEncoding = 4; lastKnownFileType = sourcecode.c.h; path = HTimeRightSegmentedControl.h; sourceTree = "<group>"; };
		9B95CD171F1F3C63008DEBE9 /* HTimeRightSegmentedControl.m */ = {isa = PBXFileReference; fileEncoding = 4; lastKnownFileType = sourcecode.c.objc; path = HTimeRightSegmentedControl.m; sourceTree = "<group>"; };
		9B95CD1E1F1F3C78008DEBE9 /* KDJ.h */ = {isa = PBXFileReference; fileEncoding = 4; lastKnownFileType = sourcecode.c.h; path = KDJ.h; sourceTree = "<group>"; };
		9B95CD1F1F1F3C78008DEBE9 /* KDJ.m */ = {isa = PBXFileReference; fileEncoding = 4; lastKnownFileType = sourcecode.c.objc; path = KDJ.m; sourceTree = "<group>"; };
		9B95CD201F1F3C78008DEBE9 /* KLineUtil.h */ = {isa = PBXFileReference; fileEncoding = 4; lastKnownFileType = sourcecode.c.h; path = KLineUtil.h; sourceTree = "<group>"; };
		9B95CD211F1F3C78008DEBE9 /* KLineUtil.m */ = {isa = PBXFileReference; fileEncoding = 4; lastKnownFileType = sourcecode.c.objc; path = KLineUtil.m; sourceTree = "<group>"; };
		9B95CD221F1F3C78008DEBE9 /* MACD.h */ = {isa = PBXFileReference; fileEncoding = 4; lastKnownFileType = sourcecode.c.h; path = MACD.h; sourceTree = "<group>"; };
		9B95CD231F1F3C78008DEBE9 /* MACD.m */ = {isa = PBXFileReference; fileEncoding = 4; lastKnownFileType = sourcecode.c.objc; path = MACD.m; sourceTree = "<group>"; };
		9B95CD241F1F3C78008DEBE9 /* OBV.h */ = {isa = PBXFileReference; fileEncoding = 4; lastKnownFileType = sourcecode.c.h; path = OBV.h; sourceTree = "<group>"; };
		9B95CD251F1F3C78008DEBE9 /* OBV.m */ = {isa = PBXFileReference; fileEncoding = 4; lastKnownFileType = sourcecode.c.objc; path = OBV.m; sourceTree = "<group>"; };
		9B95CD261F1F3C78008DEBE9 /* RSI.h */ = {isa = PBXFileReference; fileEncoding = 4; lastKnownFileType = sourcecode.c.h; path = RSI.h; sourceTree = "<group>"; };
		9B95CD271F1F3C78008DEBE9 /* RSI.m */ = {isa = PBXFileReference; fileEncoding = 4; lastKnownFileType = sourcecode.c.objc; path = RSI.m; sourceTree = "<group>"; };
		9B95CD2A1F1F3C78008DEBE9 /* TupleValue.h */ = {isa = PBXFileReference; fileEncoding = 4; lastKnownFileType = sourcecode.c.h; path = TupleValue.h; sourceTree = "<group>"; };
		9B95CD2B1F1F3C78008DEBE9 /* TupleValue.m */ = {isa = PBXFileReference; fileEncoding = 4; lastKnownFileType = sourcecode.c.objc; path = TupleValue.m; sourceTree = "<group>"; };
		9B95CD2C1F1F3C78008DEBE9 /* WLHighLightedLayer.h */ = {isa = PBXFileReference; fileEncoding = 4; lastKnownFileType = sourcecode.c.h; path = WLHighLightedLayer.h; sourceTree = "<group>"; };
		9B95CD2D1F1F3C78008DEBE9 /* WLHighLightedLayer.m */ = {isa = PBXFileReference; fileEncoding = 4; lastKnownFileType = sourcecode.c.objc; path = WLHighLightedLayer.m; sourceTree = "<group>"; };
		9B95CD2E1F1F3C78008DEBE9 /* WLHorizontalKlineController.h */ = {isa = PBXFileReference; fileEncoding = 4; lastKnownFileType = sourcecode.c.h; path = WLHorizontalKlineController.h; sourceTree = "<group>"; };
		9B95CD2F1F1F3C78008DEBE9 /* WLHorizontalKlineController.m */ = {isa = PBXFileReference; fileEncoding = 4; lastKnownFileType = sourcecode.c.objc; path = WLHorizontalKlineController.m; sourceTree = "<group>"; };
		9B95CD301F1F3C78008DEBE9 /* WLKLineBase.h */ = {isa = PBXFileReference; fileEncoding = 4; lastKnownFileType = sourcecode.c.h; path = WLKLineBase.h; sourceTree = "<group>"; };
		9B95CD311F1F3C78008DEBE9 /* WLKLineBase.m */ = {isa = PBXFileReference; fileEncoding = 4; lastKnownFileType = sourcecode.c.objc; path = WLKLineBase.m; sourceTree = "<group>"; };
		9B95CD321F1F3C78008DEBE9 /* WLKLineHighLightedLayer.h */ = {isa = PBXFileReference; fileEncoding = 4; lastKnownFileType = sourcecode.c.h; path = WLKLineHighLightedLayer.h; sourceTree = "<group>"; };
		9B95CD331F1F3C78008DEBE9 /* WLKLineHighLightedLayer.m */ = {isa = PBXFileReference; fileEncoding = 4; lastKnownFileType = sourcecode.c.objc; path = WLKLineHighLightedLayer.m; sourceTree = "<group>"; };
		9B95CD341F1F3C78008DEBE9 /* WLKLineView.h */ = {isa = PBXFileReference; fileEncoding = 4; lastKnownFileType = sourcecode.c.h; path = WLKLineView.h; sourceTree = "<group>"; };
		9B95CD351F1F3C78008DEBE9 /* WLKLineView.m */ = {isa = PBXFileReference; fileEncoding = 4; lastKnownFileType = sourcecode.c.objc; path = WLKLineView.m; sourceTree = "<group>"; };
		9B95CD361F1F3C78008DEBE9 /* WLLineEntity.h */ = {isa = PBXFileReference; fileEncoding = 4; lastKnownFileType = sourcecode.c.h; path = WLLineEntity.h; sourceTree = "<group>"; };
		9B95CD371F1F3C78008DEBE9 /* WLLineEntity.m */ = {isa = PBXFileReference; fileEncoding = 4; lastKnownFileType = sourcecode.c.objc; path = WLLineEntity.m; sourceTree = "<group>"; };
		9B95CD381F1F3C78008DEBE9 /* WLLineViewBase.h */ = {isa = PBXFileReference; fileEncoding = 4; lastKnownFileType = sourcecode.c.h; path = WLLineViewBase.h; sourceTree = "<group>"; };
		9B95CD391F1F3C78008DEBE9 /* WLLineViewBase.m */ = {isa = PBXFileReference; fileEncoding = 4; lastKnownFileType = sourcecode.c.objc; path = WLLineViewBase.m; sourceTree = "<group>"; };
		9B95CD3A1F1F3C78008DEBE9 /* WLMinuteSelectionView.h */ = {isa = PBXFileReference; fileEncoding = 4; lastKnownFileType = sourcecode.c.h; path = WLMinuteSelectionView.h; sourceTree = "<group>"; };
		9B95CD3B1F1F3C78008DEBE9 /* WLMinuteSelectionView.m */ = {isa = PBXFileReference; fileEncoding = 4; lastKnownFileType = sourcecode.c.objc; path = WLMinuteSelectionView.m; sourceTree = "<group>"; };
		9B95CD3C1F1F3C78008DEBE9 /* WLShowHightLightView.h */ = {isa = PBXFileReference; fileEncoding = 4; lastKnownFileType = sourcecode.c.h; path = WLShowHightLightView.h; sourceTree = "<group>"; };
		9B95CD3D1F1F3C78008DEBE9 /* WLShowHightLightView.m */ = {isa = PBXFileReference; fileEncoding = 4; lastKnownFileType = sourcecode.c.objc; path = WLShowHightLightView.m; sourceTree = "<group>"; };
		9B95CD3E1F1F3C78008DEBE9 /* WLTabbarView.h */ = {isa = PBXFileReference; fileEncoding = 4; lastKnownFileType = sourcecode.c.h; path = WLTabbarView.h; sourceTree = "<group>"; };
		9B95CD3F1F1F3C78008DEBE9 /* WLTabbarView.m */ = {isa = PBXFileReference; fileEncoding = 4; lastKnownFileType = sourcecode.c.objc; path = WLTabbarView.m; sourceTree = "<group>"; };
		9B95CD401F1F3C78008DEBE9 /* WLTimeLineView.h */ = {isa = PBXFileReference; fileEncoding = 4; lastKnownFileType = sourcecode.c.h; path = WLTimeLineView.h; sourceTree = "<group>"; };
		9B95CD411F1F3C78008DEBE9 /* WLTimeLineView.m */ = {isa = PBXFileReference; fileEncoding = 4; lastKnownFileType = sourcecode.c.objc; path = WLTimeLineView.m; sourceTree = "<group>"; };
		9B95CD421F1F3C78008DEBE9 /* WR.h */ = {isa = PBXFileReference; fileEncoding = 4; lastKnownFileType = sourcecode.c.h; path = WR.h; sourceTree = "<group>"; };
		9B95CD431F1F3C78008DEBE9 /* WR.m */ = {isa = PBXFileReference; fileEncoding = 4; lastKnownFileType = sourcecode.c.objc; path = WR.m; sourceTree = "<group>"; };
		9B95CD591F1F3D2C008DEBE9 /* YYKit */ = {isa = PBXFileReference; lastKnownFileType = folder; path = YYKit; sourceTree = "<group>"; };
		9B95CD5C1F1F3D78008DEBE9 /* CoreGraphics.framework */ = {isa = PBXFileReference; lastKnownFileType = wrapper.framework; name = CoreGraphics.framework; path = System/Library/Frameworks/CoreGraphics.framework; sourceTree = SDKROOT; };
		9B95CD5E1F1F40A8008DEBE9 /* UIColor+YYAdd.h */ = {isa = PBXFileReference; fileEncoding = 4; lastKnownFileType = sourcecode.c.h; path = "UIColor+YYAdd.h"; sourceTree = "<group>"; };
		9B95CD5F1F1F40A8008DEBE9 /* UIColor+YYAdd.m */ = {isa = PBXFileReference; fileEncoding = 4; lastKnownFileType = sourcecode.c.objc; path = "UIColor+YYAdd.m"; sourceTree = "<group>"; };
		9B95CD611F1F4A02008DEBE9 /* data.plist */ = {isa = PBXFileReference; fileEncoding = 4; lastKnownFileType = text.plist.xml; path = data.plist; sourceTree = "<group>"; };
/* End PBXFileReference section */

/* Begin PBXFrameworksBuildPhase section */
		9B95CCD31F1F3C1D008DEBE9 /* Frameworks */ = {
			isa = PBXFrameworksBuildPhase;
			buildActionMask = 2147483647;
			files = (
				9B95CD5D1F1F3D78008DEBE9 /* CoreGraphics.framework in Frameworks */,
			);
			runOnlyForDeploymentPostprocessing = 0;
		};
		9B95CCEC1F1F3C1D008DEBE9 /* Frameworks */ = {
			isa = PBXFrameworksBuildPhase;
			buildActionMask = 2147483647;
			files = (
			);
			runOnlyForDeploymentPostprocessing = 0;
		};
		9B95CCF71F1F3C1D008DEBE9 /* Frameworks */ = {
			isa = PBXFrameworksBuildPhase;
			buildActionMask = 2147483647;
			files = (
			);
			runOnlyForDeploymentPostprocessing = 0;
		};
/* End PBXFrameworksBuildPhase section */

/* Begin PBXGroup section */
		9B95CCCD1F1F3C1D008DEBE9 = {
			isa = PBXGroup;
			children = (
				9B95CCD81F1F3C1D008DEBE9 /* StockLine */,
				9B95CCF21F1F3C1D008DEBE9 /* StockLineTests */,
				9B95CCFD1F1F3C1D008DEBE9 /* StockLineUITests */,
				9B95CCD71F1F3C1D008DEBE9 /* Products */,
				9B95CD5B1F1F3D78008DEBE9 /* Frameworks */,
			);
			sourceTree = "<group>";
		};
		9B95CCD71F1F3C1D008DEBE9 /* Products */ = {
			isa = PBXGroup;
			children = (
				9B95CCD61F1F3C1D008DEBE9 /* StockLine.app */,
				9B95CCEF1F1F3C1D008DEBE9 /* StockLineTests.xctest */,
				9B95CCFA1F1F3C1D008DEBE9 /* StockLineUITests.xctest */,
			);
			name = Products;
			sourceTree = "<group>";
		};
		9B95CCD81F1F3C1D008DEBE9 /* StockLine */ = {
			isa = PBXGroup;
			children = (
				9B95CCDC1F1F3C1D008DEBE9 /* AppDelegate.h */,
				9B95CCDD1F1F3C1D008DEBE9 /* AppDelegate.m */,
				9B95CCDF1F1F3C1D008DEBE9 /* ViewController.h */,
				9B95CCE01F1F3C1D008DEBE9 /* ViewController.m */,
				9B95CD1E1F1F3C78008DEBE9 /* KDJ.h */,
				9B95CD1F1F1F3C78008DEBE9 /* KDJ.m */,
				9B95CD201F1F3C78008DEBE9 /* KLineUtil.h */,
				9B95CD211F1F3C78008DEBE9 /* KLineUtil.m */,
				9B95CD221F1F3C78008DEBE9 /* MACD.h */,
				9B95CD231F1F3C78008DEBE9 /* MACD.m */,
				9B95CD241F1F3C78008DEBE9 /* OBV.h */,
				9B95CD251F1F3C78008DEBE9 /* OBV.m */,
				9B95CD261F1F3C78008DEBE9 /* RSI.h */,
				9B95CD271F1F3C78008DEBE9 /* RSI.m */,
				9B95CD2A1F1F3C78008DEBE9 /* TupleValue.h */,
				9B95CD2B1F1F3C78008DEBE9 /* TupleValue.m */,
				9B95CD2C1F1F3C78008DEBE9 /* WLHighLightedLayer.h */,
				9B95CD2D1F1F3C78008DEBE9 /* WLHighLightedLayer.m */,
				9B95CD2E1F1F3C78008DEBE9 /* WLHorizontalKlineController.h */,
				9B95CD2F1F1F3C78008DEBE9 /* WLHorizontalKlineController.m */,
				9B95CD301F1F3C78008DEBE9 /* WLKLineBase.h */,
				9B95CD311F1F3C78008DEBE9 /* WLKLineBase.m */,
				9B95CD321F1F3C78008DEBE9 /* WLKLineHighLightedLayer.h */,
				9B95CD331F1F3C78008DEBE9 /* WLKLineHighLightedLayer.m */,
				9B95CD341F1F3C78008DEBE9 /* WLKLineView.h */,
				9B95CD351F1F3C78008DEBE9 /* WLKLineView.m */,
				9B95CD361F1F3C78008DEBE9 /* WLLineEntity.h */,
				9B95CD371F1F3C78008DEBE9 /* WLLineEntity.m */,
				9B95CD381F1F3C78008DEBE9 /* WLLineViewBase.h */,
				9B95CD391F1F3C78008DEBE9 /* WLLineViewBase.m */,
				9B95CD3A1F1F3C78008DEBE9 /* WLMinuteSelectionView.h */,
				9B95CD3B1F1F3C78008DEBE9 /* WLMinuteSelectionView.m */,
				9B95CD3C1F1F3C78008DEBE9 /* WLShowHightLightView.h */,
				9B95CD3D1F1F3C78008DEBE9 /* WLShowHightLightView.m */,
				9B95CD3E1F1F3C78008DEBE9 /* WLTabbarView.h */,
				9B95CD3F1F1F3C78008DEBE9 /* WLTabbarView.m */,
				9B95CD401F1F3C78008DEBE9 /* WLTimeLineView.h */,
				9B95CD411F1F3C78008DEBE9 /* WLTimeLineView.m */,
				9B95CD421F1F3C78008DEBE9 /* WR.h */,
				9B95CD431F1F3C78008DEBE9 /* WR.m */,
				9B95CD0C1F1F3C63008DEBE9 /* BOLL.h */,
				9B95CD0D1F1F3C63008DEBE9 /* BOLL.m */,
				9B95CD0E1F1F3C63008DEBE9 /* HKLineRightView.h */,
				9B95CD0F1F1F3C63008DEBE9 /* HKLineRightView.m */,
				9B95CD121F1F3C63008DEBE9 /* HTimeRightAdapterModel.h */,
				9B95CD131F1F3C63008DEBE9 /* HTimeRightAdapterModel.m */,
				9B95CD141F1F3C63008DEBE9 /* HTimeRightCell.h */,
				9B95CD151F1F3C63008DEBE9 /* HTimeRightCell.m */,
				9B95CD161F1F3C63008DEBE9 /* HTimeRightSegmentedControl.h */,
				9B95CD171F1F3C63008DEBE9 /* HTimeRightSegmentedControl.m */,
				9B95CD5E1F1F40A8008DEBE9 /* UIColor+YYAdd.h */,
				9B95CD5F1F1F40A8008DEBE9 /* UIColor+YYAdd.m */,
				9B95CD611F1F4A02008DEBE9 /* data.plist */,
				9B95CD591F1F3D2C008DEBE9 /* YYKit */,
				9B95CCE21F1F3C1D008DEBE9 /* Main.storyboard */,
				9B95CCE51F1F3C1D008DEBE9 /* Assets.xcassets */,
				9B95CCE71F1F3C1D008DEBE9 /* LaunchScreen.storyboard */,
				9B95CCEA1F1F3C1D008DEBE9 /* Info.plist */,
				9B95CCD91F1F3C1D008DEBE9 /* Supporting Files */,
			);
			path = StockLine;
			sourceTree = "<group>";
		};
		9B95CCD91F1F3C1D008DEBE9 /* Supporting Files */ = {
			isa = PBXGroup;
			children = (
				9B95CCDA1F1F3C1D008DEBE9 /* main.m */,
			);
			name = "Supporting Files";
			sourceTree = "<group>";
		};
		9B95CCF21F1F3C1D008DEBE9 /* StockLineTests */ = {
			isa = PBXGroup;
			children = (
				9B95CCF31F1F3C1D008DEBE9 /* StockLineTests.m */,
				9B95CCF51F1F3C1D008DEBE9 /* Info.plist */,
			);
			path = StockLineTests;
			sourceTree = "<group>";
		};
		9B95CCFD1F1F3C1D008DEBE9 /* StockLineUITests */ = {
			isa = PBXGroup;
			children = (
				9B95CCFE1F1F3C1D008DEBE9 /* StockLineUITests.m */,
				9B95CD001F1F3C1D008DEBE9 /* Info.plist */,
			);
			path = StockLineUITests;
			sourceTree = "<group>";
		};
		9B95CD5B1F1F3D78008DEBE9 /* Frameworks */ = {
			isa = PBXGroup;
			children = (
				9B95CD5C1F1F3D78008DEBE9 /* CoreGraphics.framework */,
			);
			name = Frameworks;
			sourceTree = "<group>";
		};
/* End PBXGroup section */

/* Begin PBXNativeTarget section */
		9B95CCD51F1F3C1D008DEBE9 /* StockLine */ = {
			isa = PBXNativeTarget;
			buildConfigurationList = 9B95CD031F1F3C1D008DEBE9 /* Build configuration list for PBXNativeTarget "StockLine" */;
			buildPhases = (
				9B95CCD21F1F3C1D008DEBE9 /* Sources */,
				9B95CCD31F1F3C1D008DEBE9 /* Frameworks */,
				9B95CCD41F1F3C1D008DEBE9 /* Resources */,
			);
			buildRules = (
			);
			dependencies = (
			);
			name = StockLine;
			productName = StockLine;
			productReference = 9B95CCD61F1F3C1D008DEBE9 /* StockLine.app */;
			productType = "com.apple.product-type.application";
		};
		9B95CCEE1F1F3C1D008DEBE9 /* StockLineTests */ = {
			isa = PBXNativeTarget;
			buildConfigurationList = 9B95CD061F1F3C1D008DEBE9 /* Build configuration list for PBXNativeTarget "StockLineTests" */;
			buildPhases = (
				9B95CCEB1F1F3C1D008DEBE9 /* Sources */,
				9B95CCEC1F1F3C1D008DEBE9 /* Frameworks */,
				9B95CCED1F1F3C1D008DEBE9 /* Resources */,
			);
			buildRules = (
			);
			dependencies = (
				9B95CCF11F1F3C1D008DEBE9 /* PBXTargetDependency */,
			);
			name = StockLineTests;
			productName = StockLineTests;
			productReference = 9B95CCEF1F1F3C1D008DEBE9 /* StockLineTests.xctest */;
			productType = "com.apple.product-type.bundle.unit-test";
		};
		9B95CCF91F1F3C1D008DEBE9 /* StockLineUITests */ = {
			isa = PBXNativeTarget;
			buildConfigurationList = 9B95CD091F1F3C1D008DEBE9 /* Build configuration list for PBXNativeTarget "StockLineUITests" */;
			buildPhases = (
				9B95CCF61F1F3C1D008DEBE9 /* Sources */,
				9B95CCF71F1F3C1D008DEBE9 /* Frameworks */,
				9B95CCF81F1F3C1D008DEBE9 /* Resources */,
			);
			buildRules = (
			);
			dependencies = (
				9B95CCFC1F1F3C1D008DEBE9 /* PBXTargetDependency */,
			);
			name = StockLineUITests;
			productName = StockLineUITests;
			productReference = 9B95CCFA1F1F3C1D008DEBE9 /* StockLineUITests.xctest */;
			productType = "com.apple.product-type.bundle.ui-testing";
		};
/* End PBXNativeTarget section */

/* Begin PBXProject section */
		9B95CCCE1F1F3C1D008DEBE9 /* Project object */ = {
			isa = PBXProject;
			attributes = {
				LastUpgradeCheck = 0820;
				ORGANIZATIONNAME = wanglei;
				TargetAttributes = {
					9B95CCD51F1F3C1D008DEBE9 = {
						CreatedOnToolsVersion = 8.2.1;
						ProvisioningStyle = Automatic;
					};
					9B95CCEE1F1F3C1D008DEBE9 = {
						CreatedOnToolsVersion = 8.2.1;
						ProvisioningStyle = Automatic;
						TestTargetID = 9B95CCD51F1F3C1D008DEBE9;
					};
					9B95CCF91F1F3C1D008DEBE9 = {
						CreatedOnToolsVersion = 8.2.1;
						ProvisioningStyle = Automatic;
						TestTargetID = 9B95CCD51F1F3C1D008DEBE9;
					};
				};
			};
			buildConfigurationList = 9B95CCD11F1F3C1D008DEBE9 /* Build configuration list for PBXProject "StockLine" */;
			compatibilityVersion = "Xcode 3.2";
			developmentRegion = English;
			hasScannedForEncodings = 0;
			knownRegions = (
				en,
				Base,
			);
			mainGroup = 9B95CCCD1F1F3C1D008DEBE9;
			productRefGroup = 9B95CCD71F1F3C1D008DEBE9 /* Products */;
			projectDirPath = "";
			projectRoot = "";
			targets = (
				9B95CCD51F1F3C1D008DEBE9 /* StockLine */,
				9B95CCEE1F1F3C1D008DEBE9 /* StockLineTests */,
				9B95CCF91F1F3C1D008DEBE9 /* StockLineUITests */,
			);
		};
/* End PBXProject section */

/* Begin PBXResourcesBuildPhase section */
		9B95CCD41F1F3C1D008DEBE9 /* Resources */ = {
			isa = PBXResourcesBuildPhase;
			buildActionMask = 2147483647;
			files = (
				9B95CCE91F1F3C1D008DEBE9 /* LaunchScreen.storyboard in Resources */,
				9B95CCE61F1F3C1D008DEBE9 /* Assets.xcassets in Resources */,
				9B95CCE41F1F3C1D008DEBE9 /* Main.storyboard in Resources */,
				9B95CD621F1F4A02008DEBE9 /* data.plist in Resources */,
				9B95CD5A1F1F3D2C008DEBE9 /* YYKit in Resources */,
			);
			runOnlyForDeploymentPostprocessing = 0;
		};
		9B95CCED1F1F3C1D008DEBE9 /* Resources */ = {
			isa = PBXResourcesBuildPhase;
			buildActionMask = 2147483647;
			files = (
			);
			runOnlyForDeploymentPostprocessing = 0;
		};
		9B95CCF81F1F3C1D008DEBE9 /* Resources */ = {
			isa = PBXResourcesBuildPhase;
			buildActionMask = 2147483647;
			files = (
			);
			runOnlyForDeploymentPostprocessing = 0;
		};
/* End PBXResourcesBuildPhase section */

/* Begin PBXSourcesBuildPhase section */
		9B95CCD21F1F3C1D008DEBE9 /* Sources */ = {
			isa = PBXSourcesBuildPhase;
			buildActionMask = 2147483647;
			files = (
				9B95CD1C1F1F3C63008DEBE9 /* HTimeRightCell.m in Sources */,
				9B95CCE11F1F3C1D008DEBE9 /* ViewController.m in Sources */,
				9B95CD461F1F3C78008DEBE9 /* MACD.m in Sources */,
				9B95CD191F1F3C63008DEBE9 /* HKLineRightView.m in Sources */,
				9B95CD441F1F3C78008DEBE9 /* KDJ.m in Sources */,
				9B95CD501F1F3C78008DEBE9 /* WLLineEntity.m in Sources */,
				9B95CD481F1F3C78008DEBE9 /* RSI.m in Sources */,
				9B95CD561F1F3C78008DEBE9 /* WR.m in Sources */,
				9B95CCDE1F1F3C1D008DEBE9 /* AppDelegate.m in Sources */,
				9B95CD531F1F3C78008DEBE9 /* WLShowHightLightView.m in Sources */,
				9B95CD1B1F1F3C63008DEBE9 /* HTimeRightAdapterModel.m in Sources */,
				9B95CD4D1F1F3C78008DEBE9 /* WLKLineBase.m in Sources */,
				9B95CD451F1F3C78008DEBE9 /* KLineUtil.m in Sources */,
				9B95CD551F1F3C78008DEBE9 /* WLTimeLineView.m in Sources */,
				9B95CD4C1F1F3C78008DEBE9 /* WLHorizontalKlineController.m in Sources */,
				9B95CD601F1F40A8008DEBE9 /* UIColor+YYAdd.m in Sources */,
				9B95CD471F1F3C78008DEBE9 /* OBV.m in Sources */,
				9B95CD1D1F1F3C63008DEBE9 /* HTimeRightSegmentedControl.m in Sources */,
				9B95CD4F1F1F3C78008DEBE9 /* WLKLineView.m in Sources */,
				9B95CD521F1F3C78008DEBE9 /* WLMinuteSelectionView.m in Sources */,
				9B95CD4B1F1F3C78008DEBE9 /* WLHighLightedLayer.m in Sources */,
				9B95CD181F1F3C63008DEBE9 /* BOLL.m in Sources */,
				9B95CD4E1F1F3C78008DEBE9 /* WLKLineHighLightedLayer.m in Sources */,
				9B95CD541F1F3C78008DEBE9 /* WLTabbarView.m in Sources */,
				9B95CCDB1F1F3C1D008DEBE9 /* main.m in Sources */,
				9B95CD4A1F1F3C78008DEBE9 /* TupleValue.m in Sources */,
				9B95CD511F1F3C78008DEBE9 /* WLLineViewBase.m in Sources */,
			);
			runOnlyForDeploymentPostprocessing = 0;
		};
		9B95CCEB1F1F3C1D008DEBE9 /* Sources */ = {
			isa = PBXSourcesBuildPhase;
			buildActionMask = 2147483647;
			files = (
				9B95CCF41F1F3C1D008DEBE9 /* StockLineTests.m in Sources */,
			);
			runOnlyForDeploymentPostprocessing = 0;
		};
		9B95CCF61F1F3C1D008DEBE9 /* Sources */ = {
			isa = PBXSourcesBuildPhase;
			buildActionMask = 2147483647;
			files = (
				9B95CCFF1F1F3C1D008DEBE9 /* StockLineUITests.m in Sources */,
			);
			runOnlyForDeploymentPostprocessing = 0;
		};
/* End PBXSourcesBuildPhase section */

/* Begin PBXTargetDependency section */
		9B95CCF11F1F3C1D008DEBE9 /* PBXTargetDependency */ = {
			isa = PBXTargetDependency;
			target = 9B95CCD51F1F3C1D008DEBE9 /* StockLine */;
			targetProxy = 9B95CCF01F1F3C1D008DEBE9 /* PBXContainerItemProxy */;
		};
		9B95CCFC1F1F3C1D008DEBE9 /* PBXTargetDependency */ = {
			isa = PBXTargetDependency;
			target = 9B95CCD51F1F3C1D008DEBE9 /* StockLine */;
			targetProxy = 9B95CCFB1F1F3C1D008DEBE9 /* PBXContainerItemProxy */;
		};
/* End PBXTargetDependency section */

/* Begin PBXVariantGroup section */
		9B95CCE21F1F3C1D008DEBE9 /* Main.storyboard */ = {
			isa = PBXVariantGroup;
			children = (
				9B95CCE31F1F3C1D008DEBE9 /* Base */,
			);
			name = Main.storyboard;
			sourceTree = "<group>";
		};
		9B95CCE71F1F3C1D008DEBE9 /* LaunchScreen.storyboard */ = {
			isa = PBXVariantGroup;
			children = (
				9B95CCE81F1F3C1D008DEBE9 /* Base */,
			);
			name = LaunchScreen.storyboard;
			sourceTree = "<group>";
		};
/* End PBXVariantGroup section */

/* Begin XCBuildConfiguration section */
		9B95CD011F1F3C1D008DEBE9 /* Debug */ = {
			isa = XCBuildConfiguration;
			buildSettings = {
				ALWAYS_SEARCH_USER_PATHS = NO;
				CLANG_ANALYZER_NONNULL = YES;
				CLANG_CXX_LANGUAGE_STANDARD = "gnu++0x";
				CLANG_CXX_LIBRARY = "libc++";
				CLANG_ENABLE_MODULES = YES;
				CLANG_ENABLE_OBJC_ARC = YES;
				CLANG_WARN_BOOL_CONVERSION = YES;
				CLANG_WARN_CONSTANT_CONVERSION = YES;
				CLANG_WARN_DIRECT_OBJC_ISA_USAGE = YES_ERROR;
				CLANG_WARN_DOCUMENTATION_COMMENTS = YES;
				CLANG_WARN_EMPTY_BODY = YES;
				CLANG_WARN_ENUM_CONVERSION = YES;
				CLANG_WARN_INFINITE_RECURSION = YES;
				CLANG_WARN_INT_CONVERSION = YES;
				CLANG_WARN_OBJC_ROOT_CLASS = YES_ERROR;
				CLANG_WARN_SUSPICIOUS_MOVE = YES;
				CLANG_WARN_UNREACHABLE_CODE = YES;
				CLANG_WARN__DUPLICATE_METHOD_MATCH = YES;
				"CODE_SIGN_IDENTITY[sdk=iphoneos*]" = "iPhone Developer";
				COPY_PHASE_STRIP = NO;
				DEBUG_INFORMATION_FORMAT = dwarf;
				ENABLE_STRICT_OBJC_MSGSEND = YES;
				ENABLE_TESTABILITY = YES;
				GCC_C_LANGUAGE_STANDARD = gnu99;
				GCC_DYNAMIC_NO_PIC = NO;
				GCC_NO_COMMON_BLOCKS = YES;
				GCC_OPTIMIZATION_LEVEL = 0;
				GCC_PREPROCESSOR_DEFINITIONS = (
					"DEBUG=1",
					"$(inherited)",
				);
				GCC_WARN_64_TO_32_BIT_CONVERSION = YES;
				GCC_WARN_ABOUT_RETURN_TYPE = YES_ERROR;
				GCC_WARN_UNDECLARED_SELECTOR = YES;
				GCC_WARN_UNINITIALIZED_AUTOS = YES_AGGRESSIVE;
				GCC_WARN_UNUSED_FUNCTION = YES;
				GCC_WARN_UNUSED_VARIABLE = YES;
				IPHONEOS_DEPLOYMENT_TARGET = 10.2;
				MTL_ENABLE_DEBUG_INFO = YES;
				ONLY_ACTIVE_ARCH = YES;
				SDKROOT = iphoneos;
				TARGETED_DEVICE_FAMILY = "1,2";
			};
			name = Debug;
		};
		9B95CD021F1F3C1D008DEBE9 /* Release */ = {
			isa = XCBuildConfiguration;
			buildSettings = {
				ALWAYS_SEARCH_USER_PATHS = NO;
				CLANG_ANALYZER_NONNULL = YES;
				CLANG_CXX_LANGUAGE_STANDARD = "gnu++0x";
				CLANG_CXX_LIBRARY = "libc++";
				CLANG_ENABLE_MODULES = YES;
				CLANG_ENABLE_OBJC_ARC = YES;
				CLANG_WARN_BOOL_CONVERSION = YES;
				CLANG_WARN_CONSTANT_CONVERSION = YES;
				CLANG_WARN_DIRECT_OBJC_ISA_USAGE = YES_ERROR;
				CLANG_WARN_DOCUMENTATION_COMMENTS = YES;
				CLANG_WARN_EMPTY_BODY = YES;
				CLANG_WARN_ENUM_CONVERSION = YES;
				CLANG_WARN_INFINITE_RECURSION = YES;
				CLANG_WARN_INT_CONVERSION = YES;
				CLANG_WARN_OBJC_ROOT_CLASS = YES_ERROR;
				CLANG_WARN_SUSPICIOUS_MOVE = YES;
				CLANG_WARN_UNREACHABLE_CODE = YES;
				CLANG_WARN__DUPLICATE_METHOD_MATCH = YES;
				"CODE_SIGN_IDENTITY[sdk=iphoneos*]" = "iPhone Developer";
				COPY_PHASE_STRIP = NO;
				DEBUG_INFORMATION_FORMAT = "dwarf-with-dsym";
				ENABLE_NS_ASSERTIONS = NO;
				ENABLE_STRICT_OBJC_MSGSEND = YES;
				GCC_C_LANGUAGE_STANDARD = gnu99;
				GCC_NO_COMMON_BLOCKS = YES;
				GCC_WARN_64_TO_32_BIT_CONVERSION = YES;
				GCC_WARN_ABOUT_RETURN_TYPE = YES_ERROR;
				GCC_WARN_UNDECLARED_SELECTOR = YES;
				GCC_WARN_UNINITIALIZED_AUTOS = YES_AGGRESSIVE;
				GCC_WARN_UNUSED_FUNCTION = YES;
				GCC_WARN_UNUSED_VARIABLE = YES;
				IPHONEOS_DEPLOYMENT_TARGET = 10.2;
				MTL_ENABLE_DEBUG_INFO = NO;
				SDKROOT = iphoneos;
				TARGETED_DEVICE_FAMILY = "1,2";
				VALIDATE_PRODUCT = YES;
			};
			name = Release;
		};
		9B95CD041F1F3C1D008DEBE9 /* Debug */ = {
			isa = XCBuildConfiguration;
			buildSettings = {
				ASSETCATALOG_COMPILER_APPICON_NAME = AppIcon;
				INFOPLIST_FILE = StockLine/Info.plist;
				LD_RUNPATH_SEARCH_PATHS = "$(inherited) @executable_path/Frameworks";
				PRODUCT_BUNDLE_IDENTIFIER = nono.StockLine;
				PRODUCT_NAME = "$(TARGET_NAME)";
			};
			name = Debug;
		};
		9B95CD051F1F3C1D008DEBE9 /* Release */ = {
			isa = XCBuildConfiguration;
			buildSettings = {
				ASSETCATALOG_COMPILER_APPICON_NAME = AppIcon;
				INFOPLIST_FILE = StockLine/Info.plist;
				LD_RUNPATH_SEARCH_PATHS = "$(inherited) @executable_path/Frameworks";
				PRODUCT_BUNDLE_IDENTIFIER = nono.StockLine;
				PRODUCT_NAME = "$(TARGET_NAME)";
			};
			name = Release;
		};
		9B95CD071F1F3C1D008DEBE9 /* Debug */ = {
			isa = XCBuildConfiguration;
			buildSettings = {
				BUNDLE_LOADER = "$(TEST_HOST)";
				INFOPLIST_FILE = StockLineTests/Info.plist;
				LD_RUNPATH_SEARCH_PATHS = "$(inherited) @executable_path/Frameworks @loader_path/Frameworks";
				PRODUCT_BUNDLE_IDENTIFIER = nono.StockLineTests;
				PRODUCT_NAME = "$(TARGET_NAME)";
				TEST_HOST = "$(BUILT_PRODUCTS_DIR)/StockLine.app/StockLine";
			};
			name = Debug;
		};
		9B95CD081F1F3C1D008DEBE9 /* Release */ = {
			isa = XCBuildConfiguration;
			buildSettings = {
				BUNDLE_LOADER = "$(TEST_HOST)";
				INFOPLIST_FILE = StockLineTests/Info.plist;
				LD_RUNPATH_SEARCH_PATHS = "$(inherited) @executable_path/Frameworks @loader_path/Frameworks";
				PRODUCT_BUNDLE_IDENTIFIER = nono.StockLineTests;
				PRODUCT_NAME = "$(TARGET_NAME)";
				TEST_HOST = "$(BUILT_PRODUCTS_DIR)/StockLine.app/StockLine";
			};
			name = Release;
		};
		9B95CD0A1F1F3C1D008DEBE9 /* Debug */ = {
			isa = XCBuildConfiguration;
			buildSettings = {
				INFOPLIST_FILE = StockLineUITests/Info.plist;
				LD_RUNPATH_SEARCH_PATHS = "$(inherited) @executable_path/Frameworks @loader_path/Frameworks";
				PRODUCT_BUNDLE_IDENTIFIER = nono.StockLineUITests;
				PRODUCT_NAME = "$(TARGET_NAME)";
				TEST_TARGET_NAME = StockLine;
			};
			name = Debug;
		};
		9B95CD0B1F1F3C1D008DEBE9 /* Release */ = {
			isa = XCBuildConfiguration;
			buildSettings = {
				INFOPLIST_FILE = StockLineUITests/Info.plist;
				LD_RUNPATH_SEARCH_PATHS = "$(inherited) @executable_path/Frameworks @loader_path/Frameworks";
				PRODUCT_BUNDLE_IDENTIFIER = nono.StockLineUITests;
				PRODUCT_NAME = "$(TARGET_NAME)";
				TEST_TARGET_NAME = StockLine;
			};
			name = Release;
		};
/* End XCBuildConfiguration section */

/* Begin XCConfigurationList section */
		9B95CCD11F1F3C1D008DEBE9 /* Build configuration list for PBXProject "StockLine" */ = {
			isa = XCConfigurationList;
			buildConfigurations = (
				9B95CD011F1F3C1D008DEBE9 /* Debug */,
				9B95CD021F1F3C1D008DEBE9 /* Release */,
			);
			defaultConfigurationIsVisible = 0;
			defaultConfigurationName = Release;
		};
		9B95CD031F1F3C1D008DEBE9 /* Build configuration list for PBXNativeTarget "StockLine" */ = {
			isa = XCConfigurationList;
			buildConfigurations = (
				9B95CD041F1F3C1D008DEBE9 /* Debug */,
				9B95CD051F1F3C1D008DEBE9 /* Release */,
			);
			defaultConfigurationIsVisible = 0;
		};
		9B95CD061F1F3C1D008DEBE9 /* Build configuration list for PBXNativeTarget "StockLineTests" */ = {
			isa = XCConfigurationList;
			buildConfigurations = (
				9B95CD071F1F3C1D008DEBE9 /* Debug */,
				9B95CD081F1F3C1D008DEBE9 /* Release */,
			);
			defaultConfigurationIsVisible = 0;
		};
		9B95CD091F1F3C1D008DEBE9 /* Build configuration list for PBXNativeTarget "StockLineUITests" */ = {
			isa = XCConfigurationList;
			buildConfigurations = (
				9B95CD0A1F1F3C1D008DEBE9 /* Debug */,
				9B95CD0B1F1F3C1D008DEBE9 /* Release */,
			);
			defaultConfigurationIsVisible = 0;
		};
/* End XCConfigurationList section */
	};
	rootObject = 9B95CCCE1F1F3C1D008DEBE9 /* Project object */;
}
